
Microsoft Visual Studio Solution File, Format Version 12.00
# Visual Studio 15
VisualStudioVersion = 15.0.28306.52
MinimumVisualStudioVersion = 10.0.40219.1
Project("{FAE04EC0-301F-11D3-BF4B-00C04F79EFBC}") = "ConsoleApp3", "ConsoleApp3\ConsoleApp3.csproj", "{3E6917D0-9369-480E-A747-9FFE2DA42688}"
EndProject
Project("{FAE04EC0-301F-11D3-BF4B-00C04F79EFBC}") = "cach2", "cach2\cach2.csproj", "{10933080-00E5-4D9B-8BC7-7BEE882B568B}"
EndProject
Project("{FAE04EC0-301F-11D3-BF4B-00C04F79EFBC}") = "congmatran", "congmatran\congmatran.csproj", "{1F532AF9-B9F9-4972-9C90-D97E8A2E5A75}"
EndProject
Project("{FAE04EC0-301F-11D3-BF4B-00C04F79EFBC}") = "nhanmatran", "nhanmatran\nhanmatran.csproj", "{41EC4670-8781-48C5-939F-AAAA4AFAC774}"
EndProject
Project("{FAE04EC0-301F-11D3-BF4B-00C04F79EFBC}") = "khoangcach2matran", "khoangcach2matran\khoangcach2matran.csproj", "{6A615459-6D3C-4285-AEDE-616656364F87}"
EndProject
Project("{FAE04EC0-301F-11D3-BF4B-00C04F79EFBC}") = "sonhonhat", "sonhonhat\sonhonhat.csproj", "{2896FDAF-4726-4D4D-AB17-332A87A25C1E}"
EndProject
Project("{FAE04EC0-301F-11D3-BF4B-00C04F79EFBC}") = "demsoluong", "demsoluong\demsoluong.csproj", "{72A96053-85A9-474F-9998-6AF2625628BA}"
EndProject
Project("{FAE04EC0-301F-11D3-BF4B-00C04F79EFBC}") = "timkiem", "timkiem\timkiem.csproj", "{698C9EF2-6206-4343-9DAE-9C994C2256C3}"
EndProject
Project("{FAE04EC0-301F-11D3-BF4B-00C04F79EFBC}") = "cong=0", "cong=0\cong=0.csproj", "{118EA2C6-8571-48EF-AB5A-2B8913B560CC}"
EndProject
Project("{FAE04EC0-301F-11D3-BF4B-00C04F79EFBC}") = "sobaodanh", "sobaodanh\sobaodanh.csproj", "{862726D2-F202-4A87-A67E-BACD6069941C}"
EndProject
Project("{FAE04EC0-301F-11D3-BF4B-00C04F79EFBC}") = "inkytu", "inkytu\inkytu.csproj", "{1C135BD2-A773-479A-B717-1EAACFCE5453}"
EndProject
Project("{FAE04EC0-301F-11D3-BF4B-00C04F79EFBC}") = "kiemtrapass", "kiemtrapass\kiemtrapass.csproj", "{50D6DD2E-9056-474A-8173-5BF52F4F3AC7}"
EndProject
Project("{FAE04EC0-301F-11D3-BF4B-00C04F79EFBC}") = "tachchu", "tachchu\tachchu.csproj", "{0946B2AF-19EF-46E6-A803-B557A65E4079}"
EndProject
Project("{FAE04EC0-301F-11D3-BF4B-00C04F79EFBC}") = "phanso", "phanso\phanso.csproj", "{20FA6695-4339-4CC7-9B49-5C4C8C45916F}"
EndProject
Project("{FAE04EC0-301F-11D3-BF4B-00C04F79EFBC}") = "book", "book\book.csproj", "{A9F4A241-2EC0-4EAB-99B2-1ADCA53C42BF}"
EndProject
Project("{FAE04EC0-301F-11D3-BF4B-00C04F79EFBC}") = "matran", "matran\matran.csproj", "{1430A282-A5E1-4D7B-85CD-3C3E97EAF2F7}"
EndProject
Project("{FAE04EC0-301F-11D3-BF4B-00C04F79EFBC}") = "demsoluong(cach2)", "demsoluong(cach2)\demsoluong(cach2).csproj", "{D5765F50-844E-4A41-85C5-1079FE2090F4}"
EndProject
Project("{FAE04EC0-301F-11D3-BF4B-00C04F79EFBC}") = "KHACHHANG", "KHACHHANG\KHACHHANG.csproj", "{F9EC95BA-A1F3-45AF-AB69-BEB628835C21}"
EndProject
Project("{FAE04EC0-301F-11D3-BF4B-00C04F79EFBC}") = "baitapchuoi", "baitapchuoi\baitapchuoi.csproj", "{E1B93675-B8EC-4F07-A48C-7D3591EA81FF}"
EndProject
Project("{FAE04EC0-301F-11D3-BF4B-00C04F79EFBC}") = "QLNhanVien", "QLNhanVien\QLNhanVien.csproj", "{DFEC6005-69A8-4859-8724-194723500BAA}"
EndProject
Project("{FAE04EC0-301F-11D3-BF4B-00C04F79EFBC}") = "timsonhonhat(cach2)", "timsonhonhat(cach2)\timsonhonhat(cach2).csproj", "{7858AA22-E875-44FB-92B9-64C33A79A7D9}"
EndProject
Project("{FAE04EC0-301F-11D3-BF4B-00C04F79EFBC}") = "sapxep(insertion sort)", "sapxep\sapxep(insertion sort).csproj", "{47C615FD-BC10-452B-9B1A-30F37216BFF2}"
EndProject
Project("{FAE04EC0-301F-11D3-BF4B-00C04F79EFBC}") = "sapxep(nhieucach)", "sapxep(nhieucach)\sapxep(nhieucach).csproj", "{FAE6DC53-740A-4ED2-94CF-872557873349}"
EndProject
Project("{FAE04EC0-301F-11D3-BF4B-00C04F79EFBC}") = "codelearn", "codelearn\codelearn.csproj", "{51C71547-850D-453B-974F-6F24BC029855}"
EndProject
Project("{FAE04EC0-301F-11D3-BF4B-00C04F79EFBC}") = "MangtrongClass", "MangtrongClass\MangtrongClass.csproj", "{AD8A7BFD-EE75-447C-B49E-22A821B70A5F}"
EndProject
Project("{FAE04EC0-301F-11D3-BF4B-00C04F79EFBC}") = "Stack", "Stack\Stack.csproj", "{D1033821-CDF6-4AE2-AF0A-34C5EC52D306}"
EndProject
Project("{FAE04EC0-301F-11D3-BF4B-00C04F79EFBC}") = "MyList", "MyList\MyList.csproj", "{0D0FD659-0D52-4EC1-9231-55242BD1F623}"
EndProject
Project("{FAE04EC0-301F-11D3-BF4B-00C04F79EFBC}") = "SINHVIEN", "SINHVIEN\SINHVIEN.csproj", "{1D02626A-C3A9-4883-8BF9-B5A388423635}"
EndProject
Project("{FAE04EC0-301F-11D3-BF4B-00C04F79EFBC}") = "NHANVIEN", "NHANVIEN\NHANVIEN.csproj", "{0C429050-BC01-41FC-861D-503253B3E73C}"
EndProject
Project("{FAE04EC0-301F-11D3-BF4B-00C04F79EFBC}") = "TEST1", "TEST1\TEST1.csproj", "{E7CD35A1-38AC-40D8-A6EA-360A4479751B}"
EndProject
Project("{FAE04EC0-301F-11D3-BF4B-00C04F79EFBC}") = "CuocThi", "CuocThi\CuocThi.csproj", "{A268F8C1-BB43-4368-A84B-302F6971CBA2}"
EndProject
Global
	GlobalSection(SolutionConfigurationPlatforms) = preSolution
		Debug|Any CPU = Debug|Any CPU
		Release|Any CPU = Release|Any CPU
	EndGlobalSection
	GlobalSection(ProjectConfigurationPlatforms) = postSolution
		{3E6917D0-9369-480E-A747-9FFE2DA42688}.Debug|Any CPU.ActiveCfg = Debug|Any CPU
		{3E6917D0-9369-480E-A747-9FFE2DA42688}.Debug|Any CPU.Build.0 = Debug|Any CPU
		{3E6917D0-9369-480E-A747-9FFE2DA42688}.Release|Any CPU.ActiveCfg = Release|Any CPU
		{3E6917D0-9369-480E-A747-9FFE2DA42688}.Release|Any CPU.Build.0 = Release|Any CPU
		{10933080-00E5-4D9B-8BC7-7BEE882B568B}.Debug|Any CPU.ActiveCfg = Debug|Any CPU
		{10933080-00E5-4D9B-8BC7-7BEE882B568B}.Debug|Any CPU.Build.0 = Debug|Any CPU
		{10933080-00E5-4D9B-8BC7-7BEE882B568B}.Release|Any CPU.ActiveCfg = Release|Any CPU
		{10933080-00E5-4D9B-8BC7-7BEE882B568B}.Release|Any CPU.Build.0 = Release|Any CPU
		{1F532AF9-B9F9-4972-9C90-D97E8A2E5A75}.Debug|Any CPU.ActiveCfg = Debug|Any CPU
		{1F532AF9-B9F9-4972-9C90-D97E8A2E5A75}.Debug|Any CPU.Build.0 = Debug|Any CPU
		{1F532AF9-B9F9-4972-9C90-D97E8A2E5A75}.Release|Any CPU.ActiveCfg = Release|Any CPU
		{1F532AF9-B9F9-4972-9C90-D97E8A2E5A75}.Release|Any CPU.Build.0 = Release|Any CPU
		{41EC4670-8781-48C5-939F-AAAA4AFAC774}.Debug|Any CPU.ActiveCfg = Debug|Any CPU
		{41EC4670-8781-48C5-939F-AAAA4AFAC774}.Debug|Any CPU.Build.0 = Debug|Any CPU
		{41EC4670-8781-48C5-939F-AAAA4AFAC774}.Release|Any CPU.ActiveCfg = Release|Any CPU
		{41EC4670-8781-48C5-939F-AAAA4AFAC774}.Release|Any CPU.Build.0 = Release|Any CPU
		{6A615459-6D3C-4285-AEDE-616656364F87}.Debug|Any CPU.ActiveCfg = Debug|Any CPU
		{6A615459-6D3C-4285-AEDE-616656364F87}.Debug|Any CPU.Build.0 = Debug|Any CPU
		{6A615459-6D3C-4285-AEDE-616656364F87}.Release|Any CPU.ActiveCfg = Release|Any CPU
		{6A615459-6D3C-4285-AEDE-616656364F87}.Release|Any CPU.Build.0 = Release|Any CPU
		{2896FDAF-4726-4D4D-AB17-332A87A25C1E}.Debug|Any CPU.ActiveCfg = Debug|Any CPU
		{2896FDAF-4726-4D4D-AB17-332A87A25C1E}.Debug|Any CPU.Build.0 = Debug|Any CPU
		{2896FDAF-4726-4D4D-AB17-332A87A25C1E}.Release|Any CPU.ActiveCfg = Release|Any CPU
		{2896FDAF-4726-4D4D-AB17-332A87A25C1E}.Release|Any CPU.Build.0 = Release|Any CPU
		{72A96053-85A9-474F-9998-6AF2625628BA}.Debug|Any CPU.ActiveCfg = Debug|Any CPU
		{72A96053-85A9-474F-9998-6AF2625628BA}.Debug|Any CPU.Build.0 = Debug|Any CPU
		{72A96053-85A9-474F-9998-6AF2625628BA}.Release|Any CPU.ActiveCfg = Release|Any CPU
		{72A96053-85A9-474F-9998-6AF2625628BA}.Release|Any CPU.Build.0 = Release|Any CPU
		{698C9EF2-6206-4343-9DAE-9C994C2256C3}.Debug|Any CPU.ActiveCfg = Debug|Any CPU
		{698C9EF2-6206-4343-9DAE-9C994C2256C3}.Debug|Any CPU.Build.0 = Debug|Any CPU
		{698C9EF2-6206-4343-9DAE-9C994C2256C3}.Release|Any CPU.ActiveCfg = Release|Any CPU
		{698C9EF2-6206-4343-9DAE-9C994C2256C3}.Release|Any CPU.Build.0 = Release|Any CPU
		{118EA2C6-8571-48EF-AB5A-2B8913B560CC}.Debug|Any CPU.ActiveCfg = Debug|Any CPU
		{118EA2C6-8571-48EF-AB5A-2B8913B560CC}.Debug|Any CPU.Build.0 = Debug|Any CPU
		{118EA2C6-8571-48EF-AB5A-2B8913B560CC}.Release|Any CPU.ActiveCfg = Release|Any CPU
		{118EA2C6-8571-48EF-AB5A-2B8913B560CC}.Release|Any CPU.Build.0 = Release|Any CPU
		{862726D2-F202-4A87-A67E-BACD6069941C}.Debug|Any CPU.ActiveCfg = Debug|Any CPU
		{862726D2-F202-4A87-A67E-BACD6069941C}.Debug|Any CPU.Build.0 = Debug|Any CPU
		{862726D2-F202-4A87-A67E-BACD6069941C}.Release|Any CPU.ActiveCfg = Release|Any CPU
		{862726D2-F202-4A87-A67E-BACD6069941C}.Release|Any CPU.Build.0 = Release|Any CPU
		{1C135BD2-A773-479A-B717-1EAACFCE5453}.Debug|Any CPU.ActiveCfg = Debug|Any CPU
		{1C135BD2-A773-479A-B717-1EAACFCE5453}.Debug|Any CPU.Build.0 = Debug|Any CPU
		{1C135BD2-A773-479A-B717-1EAACFCE5453}.Release|Any CPU.ActiveCfg = Release|Any CPU
		{1C135BD2-A773-479A-B717-1EAACFCE5453}.Release|Any CPU.Build.0 = Release|Any CPU
		{50D6DD2E-9056-474A-8173-5BF52F4F3AC7}.Debug|Any CPU.ActiveCfg = Debug|Any CPU
		{50D6DD2E-9056-474A-8173-5BF52F4F3AC7}.Debug|Any CPU.Build.0 = Debug|Any CPU
		{50D6DD2E-9056-474A-8173-5BF52F4F3AC7}.Release|Any CPU.ActiveCfg = Release|Any CPU
		{50D6DD2E-9056-474A-8173-5BF52F4F3AC7}.Release|Any CPU.Build.0 = Release|Any CPU
		{0946B2AF-19EF-46E6-A803-B557A65E4079}.Debug|Any CPU.ActiveCfg = Debug|Any CPU
		{0946B2AF-19EF-46E6-A803-B557A65E4079}.Debug|Any CPU.Build.0 = Debug|Any CPU
		{0946B2AF-19EF-46E6-A803-B557A65E4079}.Release|Any CPU.ActiveCfg = Release|Any CPU
		{0946B2AF-19EF-46E6-A803-B557A65E4079}.Release|Any CPU.Build.0 = Release|Any CPU
		{20FA6695-4339-4CC7-9B49-5C4C8C45916F}.Debug|Any CPU.ActiveCfg = Debug|Any CPU
		{20FA6695-4339-4CC7-9B49-5C4C8C45916F}.Debug|Any CPU.Build.0 = Debug|Any CPU
		{20FA6695-4339-4CC7-9B49-5C4C8C45916F}.Release|Any CPU.ActiveCfg = Release|Any CPU
		{20FA6695-4339-4CC7-9B49-5C4C8C45916F}.Release|Any CPU.Build.0 = Release|Any CPU
		{A9F4A241-2EC0-4EAB-99B2-1ADCA53C42BF}.Debug|Any CPU.ActiveCfg = Debug|Any CPU
		{A9F4A241-2EC0-4EAB-99B2-1ADCA53C42BF}.Debug|Any CPU.Build.0 = Debug|Any CPU
		{A9F4A241-2EC0-4EAB-99B2-1ADCA53C42BF}.Release|Any CPU.ActiveCfg = Release|Any CPU
		{A9F4A241-2EC0-4EAB-99B2-1ADCA53C42BF}.Release|Any CPU.Build.0 = Release|Any CPU
		{1430A282-A5E1-4D7B-85CD-3C3E97EAF2F7}.Debug|Any CPU.ActiveCfg = Debug|Any CPU
		{1430A282-A5E1-4D7B-85CD-3C3E97EAF2F7}.Debug|Any CPU.Build.0 = Debug|Any CPU
		{1430A282-A5E1-4D7B-85CD-3C3E97EAF2F7}.Release|Any CPU.ActiveCfg = Release|Any CPU
		{1430A282-A5E1-4D7B-85CD-3C3E97EAF2F7}.Release|Any CPU.Build.0 = Release|Any CPU
		{D5765F50-844E-4A41-85C5-1079FE2090F4}.Debug|Any CPU.ActiveCfg = Debug|Any CPU
		{D5765F50-844E-4A41-85C5-1079FE2090F4}.Debug|Any CPU.Build.0 = Debug|Any CPU
		{D5765F50-844E-4A41-85C5-1079FE2090F4}.Release|Any CPU.ActiveCfg = Release|Any CPU
		{D5765F50-844E-4A41-85C5-1079FE2090F4}.Release|Any CPU.Build.0 = Release|Any CPU
		{F9EC95BA-A1F3-45AF-AB69-BEB628835C21}.Debug|Any CPU.ActiveCfg = Debug|Any CPU
		{F9EC95BA-A1F3-45AF-AB69-BEB628835C21}.Debug|Any CPU.Build.0 = Debug|Any CPU
		{F9EC95BA-A1F3-45AF-AB69-BEB628835C21}.Release|Any CPU.ActiveCfg = Release|Any CPU
		{F9EC95BA-A1F3-45AF-AB69-BEB628835C21}.Release|Any CPU.Build.0 = Release|Any CPU
		{E1B93675-B8EC-4F07-A48C-7D3591EA81FF}.Debug|Any CPU.ActiveCfg = Debug|Any CPU
		{E1B93675-B8EC-4F07-A48C-7D3591EA81FF}.Debug|Any CPU.Build.0 = Debug|Any CPU
		{E1B93675-B8EC-4F07-A48C-7D3591EA81FF}.Release|Any CPU.ActiveCfg = Release|Any CPU
		{E1B93675-B8EC-4F07-A48C-7D3591EA81FF}.Release|Any CPU.Build.0 = Release|Any CPU
		{DFEC6005-69A8-4859-8724-194723500BAA}.Debug|Any CPU.ActiveCfg = Debug|Any CPU
		{DFEC6005-69A8-4859-8724-194723500BAA}.Debug|Any CPU.Build.0 = Debug|Any CPU
		{DFEC6005-69A8-4859-8724-194723500BAA}.Release|Any CPU.ActiveCfg = Release|Any CPU
		{DFEC6005-69A8-4859-8724-194723500BAA}.Release|Any CPU.Build.0 = Release|Any CPU
		{7858AA22-E875-44FB-92B9-64C33A79A7D9}.Debug|Any CPU.ActiveCfg = Debug|Any CPU
		{7858AA22-E875-44FB-92B9-64C33A79A7D9}.Debug|Any CPU.Build.0 = Debug|Any CPU
		{7858AA22-E875-44FB-92B9-64C33A79A7D9}.Release|Any CPU.ActiveCfg = Release|Any CPU
		{7858AA22-E875-44FB-92B9-64C33A79A7D9}.Release|Any CPU.Build.0 = Release|Any CPU
		{47C615FD-BC10-452B-9B1A-30F37216BFF2}.Debug|Any CPU.ActiveCfg = Debug|Any CPU
		{47C615FD-BC10-452B-9B1A-30F37216BFF2}.Debug|Any CPU.Build.0 = Debug|Any CPU
		{47C615FD-BC10-452B-9B1A-30F37216BFF2}.Release|Any CPU.ActiveCfg = Release|Any CPU
		{47C615FD-BC10-452B-9B1A-30F37216BFF2}.Release|Any CPU.Build.0 = Release|Any CPU
		{FAE6DC53-740A-4ED2-94CF-872557873349}.Debug|Any CPU.ActiveCfg = Debug|Any CPU
		{FAE6DC53-740A-4ED2-94CF-872557873349}.Debug|Any CPU.Build.0 = Debug|Any CPU
		{FAE6DC53-740A-4ED2-94CF-872557873349}.Release|Any CPU.ActiveCfg = Release|Any CPU
		{FAE6DC53-740A-4ED2-94CF-872557873349}.Release|Any CPU.Build.0 = Release|Any CPU
		{51C71547-850D-453B-974F-6F24BC029855}.Debug|Any CPU.ActiveCfg = Debug|Any CPU
		{51C71547-850D-453B-974F-6F24BC029855}.Debug|Any CPU.Build.0 = Debug|Any CPU
		{51C71547-850D-453B-974F-6F24BC029855}.Release|Any CPU.ActiveCfg = Release|Any CPU
		{51C71547-850D-453B-974F-6F24BC029855}.Release|Any CPU.Build.0 = Release|Any CPU
		{AD8A7BFD-EE75-447C-B49E-22A821B70A5F}.Debug|Any CPU.ActiveCfg = Debug|Any CPU
		{AD8A7BFD-EE75-447C-B49E-22A821B70A5F}.Debug|Any CPU.Build.0 = Debug|Any CPU
		{AD8A7BFD-EE75-447C-B49E-22A821B70A5F}.Release|Any CPU.ActiveCfg = Release|Any CPU
		{AD8A7BFD-EE75-447C-B49E-22A821B70A5F}.Release|Any CPU.Build.0 = Release|Any CPU
		{D1033821-CDF6-4AE2-AF0A-34C5EC52D306}.Debug|Any CPU.ActiveCfg = Debug|Any CPU
		{D1033821-CDF6-4AE2-AF0A-34C5EC52D306}.Debug|Any CPU.Build.0 = Debug|Any CPU
		{D1033821-CDF6-4AE2-AF0A-34C5EC52D306}.Release|Any CPU.ActiveCfg = Release|Any CPU
		{D1033821-CDF6-4AE2-AF0A-34C5EC52D306}.Release|Any CPU.Build.0 = Release|Any CPU
		{0D0FD659-0D52-4EC1-9231-55242BD1F623}.Debug|Any CPU.ActiveCfg = Debug|Any CPU
		{0D0FD659-0D52-4EC1-9231-55242BD1F623}.Debug|Any CPU.Build.0 = Debug|Any CPU
		{0D0FD659-0D52-4EC1-9231-55242BD1F623}.Release|Any CPU.ActiveCfg = Release|Any CPU
		{0D0FD659-0D52-4EC1-9231-55242BD1F623}.Release|Any CPU.Build.0 = Release|Any CPU
		{1D02626A-C3A9-4883-8BF9-B5A388423635}.Debug|Any CPU.ActiveCfg = Debug|Any CPU
		{1D02626A-C3A9-4883-8BF9-B5A388423635}.Debug|Any CPU.Build.0 = Debug|Any CPU
		{1D02626A-C3A9-4883-8BF9-B5A388423635}.Release|Any CPU.ActiveCfg = Release|Any CPU
		{1D02626A-C3A9-4883-8BF9-B5A388423635}.Release|Any CPU.Build.0 = Release|Any CPU
		{0C429050-BC01-41FC-861D-503253B3E73C}.Debug|Any CPU.ActiveCfg = Debug|Any CPU
		{0C429050-BC01-41FC-861D-503253B3E73C}.Debug|Any CPU.Build.0 = Debug|Any CPU
		{0C429050-BC01-41FC-861D-503253B3E73C}.Release|Any CPU.ActiveCfg = Release|Any CPU
		{0C429050-BC01-41FC-861D-503253B3E73C}.Release|Any CPU.Build.0 = Release|Any CPU
		{E7CD35A1-38AC-40D8-A6EA-360A4479751B}.Debug|Any CPU.ActiveCfg = Debug|Any CPU
		{E7CD35A1-38AC-40D8-A6EA-360A4479751B}.Debug|Any CPU.Build.0 = Debug|Any CPU
		{E7CD35A1-38AC-40D8-A6EA-360A4479751B}.Release|Any CPU.ActiveCfg = Release|Any CPU
		{E7CD35A1-38AC-40D8-A6EA-360A4479751B}.Release|Any CPU.Build.0 = Release|Any CPU
		{A268F8C1-BB43-4368-A84B-302F6971CBA2}.Debug|Any CPU.ActiveCfg = Debug|Any CPU
		{A268F8C1-BB43-4368-A84B-302F6971CBA2}.Debug|Any CPU.Build.0 = Debug|Any CPU
		{A268F8C1-BB43-4368-A84B-302F6971CBA2}.Release|Any CPU.ActiveCfg = Release|Any CPU
		{A268F8C1-BB43-4368-A84B-302F6971CBA2}.Release|Any CPU.Build.0 = Release|Any CPU
	EndGlobalSection
	GlobalSection(SolutionProperties) = preSolution
		HideSolutionNode = FALSE
	EndGlobalSection
	GlobalSection(ExtensibilityGlobals) = postSolution
		SolutionGuid = {AA6FCCDF-310E-4D22-9089-CF07E5E03868}
	EndGlobalSection
EndGlobal
